{
  "name": "@mauron85/react-native-background-geolocation",
  "version": "0.6.3",
  "lockfileVersion": 1,
  "requires": true,
  "dependencies": {
    "react-native-eos": {
      "version": "1.0.4",
      "resolved": "https://registry.npmjs.org/react-native-eos/-/react-native-eos-1.0.4.tgz",
      "integrity": "sha512-nE4gfLu6Y02jZkZULTVzkpn+Ck+Fadsf07WZL02VruHbgEfrCadxxg8csPaEJkvktuOHpPPCYZ8JJjxJhuia1w=="
    }
  }
}
