// !$*UTF8*$!
{
	archiveVersion = 1;
	classes = {
	};
	objectVersion = 46;
	objects = {

/* Begin PBXBuildFile section */
		4164B01620419D4000D7AC50 /* libBackgroundGeolocation.a in Frameworks */ = {isa = PBXBuildFile; fileRef = 4164B00B20419C5800D7AC50 /* libBackgroundGeolocation.a */; };
		418F754A1D02DC3D0045FEA0 /* RCTBackgroundGeolocation.h in Copy Files */ = {isa = PBXBuildFile; fileRef = 418F75491D02DC3D0045FEA0 /* RCTBackgroundGeolocation.h */; };
		418F754C1D02DC3D0045FEA0 /* RCTBackgroundGeolocation.m in Sources */ = {isa = PBXBuildFile; fileRef = 418F754B1D02DC3D0045FEA0 /* RCTBackgroundGeolocation.m */; };
		41E82EA11D5E4F9E00F65575 /* CoreLocation.framework in Frameworks */ = {isa = PBXBuildFile; fileRef = 41E82EA01D5E4F9E00F65575 /* CoreLocation.framework */; };
/* End PBXBuildFile section */

/* Begin PBXContainerItemProxy section */
		4164B00A20419C5800D7AC50 /* PBXContainerItemProxy */ = {
			isa = PBXContainerItemProxy;
			containerPortal = 4164B00520419C5800D7AC50 /* BackgroundGeolocation.xcodeproj */;
			proxyType = 2;
			remoteGlobalIDString = 418F75461D02DC3D0045FEA0;
			remoteInfo = BackgroundGeolocation;
		};
		4164B00C20419C5800D7AC50 /* PBXContainerItemProxy */ = {
			isa = PBXContainerItemProxy;
			containerPortal = 4164B00520419C5800D7AC50 /* BackgroundGeolocation.xcodeproj */;
			proxyType = 2;
			remoteGlobalIDString = 414898261FB593B900323454;
			remoteInfo = BackgroundGeolocationTests;
		};
		4164B00E20419C6100D7AC50 /* PBXContainerItemProxy */ = {
			isa = PBXContainerItemProxy;
			containerPortal = 4164B00520419C5800D7AC50 /* BackgroundGeolocation.xcodeproj */;
			proxyType = 1;
			remoteGlobalIDString = 418F75451D02DC3D0045FEA0;
			remoteInfo = BackgroundGeolocation;
		};
/* End PBXContainerItemProxy section */

/* Begin PBXCopyFilesBuildPhase section */
		418F75441D02DC3D0045FEA0 /* Copy Files */ = {
			isa = PBXCopyFilesBuildPhase;
			buildActionMask = 2147483647;
			dstPath = "include/$(PRODUCT_NAME)";
			dstSubfolderSpec = 16;
			files = (
				418F754A1D02DC3D0045FEA0 /* RCTBackgroundGeolocation.h in Copy Files */,
			);
			name = "Copy Files";
			runOnlyForDeploymentPostprocessing = 0;
		};
/* End PBXCopyFilesBuildPhase section */

/* Begin PBXFileReference section */
		4164B00520419C5800D7AC50 /* BackgroundGeolocation.xcodeproj */ = {isa = PBXFileReference; lastKnownFileType = "wrapper.pb-project"; name = BackgroundGeolocation.xcodeproj; path = common/BackgroundGeolocation.xcodeproj; sourceTree = "<group>"; };
		418F75461D02DC3D0045FEA0 /* libRCTBackgroundGeolocation.a */ = {isa = PBXFileReference; explicitFileType = archive.ar; includeInIndex = 0; path = libRCTBackgroundGeolocation.a; sourceTree = BUILT_PRODUCTS_DIR; };
		418F75491D02DC3D0045FEA0 /* RCTBackgroundGeolocation.h */ = {isa = PBXFileReference; lastKnownFileType = sourcecode.c.h; path = RCTBackgroundGeolocation.h; sourceTree = "<group>"; };
		418F754B1D02DC3D0045FEA0 /* RCTBackgroundGeolocation.m */ = {isa = PBXFileReference; lastKnownFileType = sourcecode.c.objc; path = RCTBackgroundGeolocation.m; sourceTree = "<group>"; };
		41E82EA01D5E4F9E00F65575 /* CoreLocation.framework */ = {isa = PBXFileReference; lastKnownFileType = wrapper.framework; name = CoreLocation.framework; path = System/Library/Frameworks/CoreLocation.framework; sourceTree = SDKROOT; };
/* End PBXFileReference section */

/* Begin PBXFrameworksBuildPhase section */
		418F75431D02DC3D0045FEA0 /* Frameworks */ = {
			isa = PBXFrameworksBuildPhase;
			buildActionMask = 2147483647;
			files = (
				4164B01620419D4000D7AC50 /* libBackgroundGeolocation.a in Frameworks */,
				41E82EA11D5E4F9E00F65575 /* CoreLocation.framework in Frameworks */,
			);
			runOnlyForDeploymentPostprocessing = 0;
		};
/* End PBXFrameworksBuildPhase section */

/* Begin PBXGroup section */
		4161C06C201B8FB8007761EF /* Frameworks */ = {
			isa = PBXGroup;
			children = (
			);
			name = Frameworks;
			sourceTree = "<group>";
		};
		4164B00620419C5800D7AC50 /* Products */ = {
			isa = PBXGroup;
			children = (
				4164B00B20419C5800D7AC50 /* libBackgroundGeolocation.a */,
				4164B00D20419C5800D7AC50 /* BackgroundGeolocationTests.xctest */,
			);
			name = Products;
			sourceTree = "<group>";
		};
		418F753D1D02DC3D0045FEA0 = {
			isa = PBXGroup;
			children = (
				4164B00520419C5800D7AC50 /* BackgroundGeolocation.xcodeproj */,
				41E82EA01D5E4F9E00F65575 /* CoreLocation.framework */,
				418F75481D02DC3D0045FEA0 /* RCTBackgroundGeolocation */,
				418F75471D02DC3D0045FEA0 /* Products */,
				4161C06C201B8FB8007761EF /* Frameworks */,
			);
			sourceTree = "<group>";
		};
		418F75471D02DC3D0045FEA0 /* Products */ = {
			isa = PBXGroup;
			children = (
				418F75461D02DC3D0045FEA0 /* libRCTBackgroundGeolocation.a */,
			);
			name = Products;
			sourceTree = "<group>";
		};
		418F75481D02DC3D0045FEA0 /* RCTBackgroundGeolocation */ = {
			isa = PBXGroup;
			children = (
				418F75491D02DC3D0045FEA0 /* RCTBackgroundGeolocation.h */,
				418F754B1D02DC3D0045FEA0 /* RCTBackgroundGeolocation.m */,
			);
			path = RCTBackgroundGeolocation;
			sourceTree = "<group>";
		};
/* End PBXGroup section */

/* Begin PBXNativeTarget section */
		418F75451D02DC3D0045FEA0 /* RCTBackgroundGeolocation */ = {
			isa = PBXNativeTarget;
			buildConfigurationList = 418F754F1D02DC3D0045FEA0 /* Build configuration list for PBXNativeTarget "RCTBackgroundGeolocation" */;
			buildPhases = (
				418F75421D02DC3D0045FEA0 /* Sources */,
				418F75431D02DC3D0045FEA0 /* Frameworks */,
				418F75441D02DC3D0045FEA0 /* Copy Files */,
			);
			buildRules = (
			);
			dependencies = (
				4164B00F20419C6100D7AC50 /* PBXTargetDependency */,
			);
			name = RCTBackgroundGeolocation;
			productName = RCTBackgroundGeolocation;
			productReference = 418F75461D02DC3D0045FEA0 /* libRCTBackgroundGeolocation.a */;
			productType = "com.apple.product-type.library.static";
		};
/* End PBXNativeTarget section */

/* Begin PBXProject section */
		418F753E1D02DC3D0045FEA0 /* Project object */ = {
			isa = PBXProject;
			attributes = {
				LastUpgradeCheck = 0730;
				ORGANIZATIONNAME = mauron85;
				TargetAttributes = {
					418F75451D02DC3D0045FEA0 = {
						CreatedOnToolsVersion = 7.3.1;
					};
				};
			};
			buildConfigurationList = 418F75411D02DC3D0045FEA0 /* Build configuration list for PBXProject "RCTBackgroundGeolocation" */;
			compatibilityVersion = "Xcode 3.2";
			developmentRegion = English;
			hasScannedForEncodings = 0;
			knownRegions = (
				en,
			);
			mainGroup = 418F753D1D02DC3D0045FEA0;
			productRefGroup = 418F75471D02DC3D0045FEA0 /* Products */;
			projectDirPath = "";
			projectReferences = (
				{
					ProductGroup = 4164B00620419C5800D7AC50 /* Products */;
					ProjectRef = 4164B00520419C5800D7AC50 /* BackgroundGeolocation.xcodeproj */;
				},
			);
			projectRoot = "";
			targets = (
				418F75451D02DC3D0045FEA0 /* RCTBackgroundGeolocation */,
			);
		};
/* End PBXProject section */

/* Begin PBXReferenceProxy section */
		4164B00B20419C5800D7AC50 /* libBackgroundGeolocation.a */ = {
			isa = PBXReferenceProxy;
			fileType = archive.ar;
			path = libBackgroundGeolocation.a;
			remoteRef = 4164B00A20419C5800D7AC50 /* PBXContainerItemProxy */;
			sourceTree = BUILT_PRODUCTS_DIR;
		};
		4164B00D20419C5800D7AC50 /* BackgroundGeolocationTests.xctest */ = {
			isa = PBXReferenceProxy;
			fileType = wrapper.cfbundle;
			path = BackgroundGeolocationTests.xctest;
			remoteRef = 4164B00C20419C5800D7AC50 /* PBXContainerItemProxy */;
			sourceTree = BUILT_PRODUCTS_DIR;
		};
/* End PBXReferenceProxy section */

/* Begin PBXSourcesBuildPhase section */
		418F75421D02DC3D0045FEA0 /* Sources */ = {
			isa = PBXSourcesBuildPhase;
			buildActionMask = 2147483647;
			files = (
				418F754C1D02DC3D0045FEA0 /* RCTBackgroundGeolocation.m in Sources */,
			);
			runOnlyForDeploymentPostprocessing = 0;
		};
/* End PBXSourcesBuildPhase section */

/* Begin PBXTargetDependency section */
		4164B00F20419C6100D7AC50 /* PBXTargetDependency */ = {
			isa = PBXTargetDependency;
			name = BackgroundGeolocation;
			targetProxy = 4164B00E20419C6100D7AC50 /* PBXContainerItemProxy */;
		};
/* End PBXTargetDependency section */

/* Begin XCBuildConfiguration section */
		418F754D1D02DC3D0045FEA0 /* Debug */ = {
			isa = XCBuildConfiguration;
			buildSettings = {
				ALWAYS_SEARCH_USER_PATHS = NO;
				CLANG_ANALYZER_NONNULL = YES;
				CLANG_CXX_LANGUAGE_STANDARD = "gnu++0x";
				CLANG_CXX_LIBRARY = "libc++";
				CLANG_ENABLE_MODULES = YES;
				CLANG_ENABLE_OBJC_ARC = YES;
				CLANG_WARN_BOOL_CONVERSION = YES;
				CLANG_WARN_CONSTANT_CONVERSION = YES;
				CLANG_WARN_DIRECT_OBJC_ISA_USAGE = YES_ERROR;
				CLANG_WARN_EMPTY_BODY = YES;
				CLANG_WARN_ENUM_CONVERSION = YES;
				CLANG_WARN_INT_CONVERSION = YES;
				CLANG_WARN_OBJC_ROOT_CLASS = YES_ERROR;
				CLANG_WARN_UNREACHABLE_CODE = YES;
				CLANG_WARN__DUPLICATE_METHOD_MATCH = YES;
				"CODE_SIGN_IDENTITY[sdk=iphoneos*]" = "iPhone Developer";
				COPY_PHASE_STRIP = NO;
				DEBUG_INFORMATION_FORMAT = dwarf;
				ENABLE_STRICT_OBJC_MSGSEND = YES;
				ENABLE_TESTABILITY = YES;
				GCC_C_LANGUAGE_STANDARD = gnu99;
				GCC_DYNAMIC_NO_PIC = NO;
				GCC_NO_COMMON_BLOCKS = YES;
				GCC_OPTIMIZATION_LEVEL = 0;
				GCC_PREPROCESSOR_DEFINITIONS = (
					"DEBUG=1",
					"$(inherited)",
				);
				GCC_WARN_64_TO_32_BIT_CONVERSION = YES;
				GCC_WARN_ABOUT_RETURN_TYPE = YES_ERROR;
				GCC_WARN_UNDECLARED_SELECTOR = YES;
				GCC_WARN_UNINITIALIZED_AUTOS = YES_AGGRESSIVE;
				GCC_WARN_UNUSED_FUNCTION = YES;
				GCC_WARN_UNUSED_VARIABLE = YES;
				HEADER_SEARCH_PATHS = "${PROJECT_DIR}/**";
				IPHONEOS_DEPLOYMENT_TARGET = 9.3;
				MTL_ENABLE_DEBUG_INFO = YES;
				ONLY_ACTIVE_ARCH = YES;
				SDKROOT = iphoneos;
			};
			name = Debug;
		};
		418F754E1D02DC3D0045FEA0 /* Release */ = {
			isa = XCBuildConfiguration;
			buildSettings = {
				ALWAYS_SEARCH_USER_PATHS = NO;
				CLANG_ANALYZER_NONNULL = YES;
				CLANG_CXX_LANGUAGE_STANDARD = "gnu++0x";
				CLANG_CXX_LIBRARY = "libc++";
				CLANG_ENABLE_MODULES = YES;
				CLANG_ENABLE_OBJC_ARC = YES;
				CLANG_WARN_BOOL_CONVERSION = YES;
				CLANG_WARN_CONSTANT_CONVERSION = YES;
				CLANG_WARN_DIRECT_OBJC_ISA_USAGE = YES_ERROR;
				CLANG_WARN_EMPTY_BODY = YES;
				CLANG_WARN_ENUM_CONVERSION = YES;
				CLANG_WARN_INT_CONVERSION = YES;
				CLANG_WARN_OBJC_ROOT_CLASS = YES_ERROR;
				CLANG_WARN_UNREACHABLE_CODE = YES;
				CLANG_WARN__DUPLICATE_METHOD_MATCH = YES;
				"CODE_SIGN_IDENTITY[sdk=iphoneos*]" = "iPhone Developer";
				COPY_PHASE_STRIP = NO;
				DEBUG_INFORMATION_FORMAT = "dwarf-with-dsym";
				ENABLE_NS_ASSERTIONS = NO;
				ENABLE_STRICT_OBJC_MSGSEND = YES;
				GCC_C_LANGUAGE_STANDARD = gnu99;
				GCC_NO_COMMON_BLOCKS = YES;
				GCC_WARN_64_TO_32_BIT_CONVERSION = YES;
				GCC_WARN_ABOUT_RETURN_TYPE = YES_ERROR;
				GCC_WARN_UNDECLARED_SELECTOR = YES;
				GCC_WARN_UNINITIALIZED_AUTOS = YES_AGGRESSIVE;
				GCC_WARN_UNUSED_FUNCTION = YES;
				GCC_WARN_UNUSED_VARIABLE = YES;
				HEADER_SEARCH_PATHS = "${PROJECT_DIR}/**";
				IPHONEOS_DEPLOYMENT_TARGET = 9.3;
				MTL_ENABLE_DEBUG_INFO = NO;
				SDKROOT = iphoneos;
				VALIDATE_PRODUCT = YES;
			};
			name = Release;
		};
		418F75501D02DC3D0045FEA0 /* Debug */ = {
			isa = XCBuildConfiguration;
			buildSettings = {
				HEADER_SEARCH_PATHS = (
					"$(inherited)",
					"$(SRCROOT)/../../../React/**",
					"$(SRCROOT)/../../react-native/React/**",
					"$(SRCROOT)/../../../../ios/Pods/Headers/Public/**",
				);
				OTHER_LDFLAGS = "-ObjC";
				PRODUCT_NAME = "$(TARGET_NAME)";
				SKIP_INSTALL = YES;
			};
			name = Debug;
		};
		418F75511D02DC3D0045FEA0 /* Release */ = {
			isa = XCBuildConfiguration;
			buildSettings = {
				HEADER_SEARCH_PATHS = (
					"$(inherited)",
					"$(SRCROOT)/../../../React/**",
					"$(SRCROOT)/../../react-native/React/**",
					"$(SRCROOT)/../../../../ios/Pods/Headers/Public/**",
				);
				OTHER_LDFLAGS = "-ObjC";
				PRODUCT_NAME = "$(TARGET_NAME)";
				SKIP_INSTALL = YES;
			};
			name = Release;
		};
/* End XCBuildConfiguration section */

/* Begin XCConfigurationList section */
		418F75411D02DC3D0045FEA0 /* Build configuration list for PBXProject "RCTBackgroundGeolocation" */ = {
			isa = XCConfigurationList;
			buildConfigurations = (
				418F754D1D02DC3D0045FEA0 /* Debug */,
				418F754E1D02DC3D0045FEA0 /* Release */,
			);
			defaultConfigurationIsVisible = 0;
			defaultConfigurationName = Release;
		};
		418F754F1D02DC3D0045FEA0 /* Build configuration list for PBXNativeTarget "RCTBackgroundGeolocation" */ = {
			isa = XCConfigurationList;
			buildConfigurations = (
				418F75501D02DC3D0045FEA0 /* Debug */,
				418F75511D02DC3D0045FEA0 /* Release */,
			);
			defaultConfigurationIsVisible = 0;
			defaultConfigurationName = Release;
		};
/* End XCConfigurationList section */
	};
	rootObject = 418F753E1D02DC3D0045FEA0 /* Project object */;
}
